
Microsoft Visual Studio Solution File, Format Version 12.00
# Visual Studio Version 17
VisualStudioVersion = 17.4.33122.133
MinimumVisualStudioVersion = 10.0.40219.1
Project("{9A19103F-16F7-4668-BE54-9A1E7A4F7556}") = "ArtisShopping", "ArtisShopping\ArtisShopping.csproj", "{B99D4AF7-8F4E-4DEA-A41B-39FF17D07131}"
EndProject
Global
	GlobalSection(SolutionConfigurationPlatforms) = preSolution
		Debug|Any CPU = Debug|Any CPU
		Release|Any CPU = Release|Any CPU
	EndGlobalSection
	GlobalSection(ProjectConfigurationPlatforms) = postSolution
		{B99D4AF7-8F4E-4DEA-A41B-39FF17D07131}.Debug|Any CPU.ActiveCfg = Debug|Any CPU
		{B99D4AF7-8F4E-4DEA-A41B-39FF17D07131}.Debug|Any CPU.Build.0 = Debug|Any CPU
		{B99D4AF7-8F4E-4DEA-A41B-39FF17D07131}.Release|Any CPU.ActiveCfg = Release|Any CPU
		{B99D4AF7-8F4E-4DEA-A41B-39FF17D07131}.Release|Any CPU.Build.0 = Release|Any CPU
	EndGlobalSection
	GlobalSection(SolutionProperties) = preSolution
		HideSolutionNode = FALSE
	EndGlobalSection
	GlobalSection(ExtensibilityGlobals) = postSolution
		SolutionGuid = {2850293B-4B3E-4BF2-8E8A-B8B4D14BC853}
	EndGlobalSection
EndGlobal
